
Microsoft Visual Studio Solution File, Format Version 12.00
# Visual Studio Version 17
VisualStudioVersion = 17.13.35828.75 d17.13
MinimumVisualStudioVersion = 10.0.40219.1
Project("{FAE04EC0-301F-11D3-BF4B-00C04F79EFBC}") = "анимация", "анимация\анимация.csproj", "{5C01FDF7-1A89-41EE-BA9D-D7A5A9F501EE}"
EndProject
Global
	GlobalSection(SolutionConfigurationPlatforms) = preSolution
		Debug|Any CPU = Debug|Any CPU
		Release|Any CPU = Release|Any CPU
	EndGlobalSection
	GlobalSection(ProjectConfigurationPlatforms) = postSolution
		{5C01FDF7-1A89-41EE-BA9D-D7A5A9F501EE}.Debug|Any CPU.ActiveCfg = Debug|Any CPU
		{5C01FDF7-1A89-41EE-BA9D-D7A5A9F501EE}.Debug|Any CPU.Build.0 = Debug|Any CPU
		{5C01FDF7-1A89-41EE-BA9D-D7A5A9F501EE}.Release|Any CPU.ActiveCfg = Release|Any CPU
		{5C01FDF7-1A89-41EE-BA9D-D7A5A9F501EE}.Release|Any CPU.Build.0 = Release|Any CPU
	EndGlobalSection
	GlobalSection(SolutionProperties) = preSolution
		HideSolutionNode = FALSE
	EndGlobalSection
	GlobalSection(ExtensibilityGlobals) = postSolution
		SolutionGuid = {5CEBE3AD-1BEB-4F73-84F1-9514B1B974C3}
	EndGlobalSection
EndGlobal
